
Microsoft Visual Studio Solution File, Format Version 12.00
# Visual Studio Version 17
VisualStudioVersion = 17.5.002.0
MinimumVisualStudioVersion = 10.0.40219.1
Project("{9A19103F-16F7-4668-BE54-9A1E7A4F7556}") = "Ejercicio.2", "Ejercicio.2\Ejercicio.2.csproj", "{9DA3CA67-354B-4826-A3D9-C63B5A175AEE}"
EndProject
Global
	GlobalSection(SolutionConfigurationPlatforms) = preSolution
		Debug|Any CPU = Debug|Any CPU
		Release|Any CPU = Release|Any CPU
	EndGlobalSection
	GlobalSection(ProjectConfigurationPlatforms) = postSolution
		{9DA3CA67-354B-4826-A3D9-C63B5A175AEE}.Debug|Any CPU.ActiveCfg = Debug|Any CPU
		{9DA3CA67-354B-4826-A3D9-C63B5A175AEE}.Debug|Any CPU.Build.0 = Debug|Any CPU
		{9DA3CA67-354B-4826-A3D9-C63B5A175AEE}.Release|Any CPU.ActiveCfg = Release|Any CPU
		{9DA3CA67-354B-4826-A3D9-C63B5A175AEE}.Release|Any CPU.Build.0 = Release|Any CPU
	EndGlobalSection
	GlobalSection(SolutionProperties) = preSolution
		HideSolutionNode = FALSE
	EndGlobalSection
	GlobalSection(ExtensibilityGlobals) = postSolution
		SolutionGuid = {C0BF3622-4AF0-452A-A751-68C7DF114F8E}
	EndGlobalSection
EndGlobal
